// !$*UTF8*$!
{
	archiveVersion = 1;
	classes = {
	};
	objectVersion = 50;
	objects = {

/* Begin PBXBuildFile section */
		559778AE2445E8CB00D29543 /* AppDelegate.swift in Sources */ = {isa = PBXBuildFile; fileRef = 559778AD2445E8CB00D29543 /* AppDelegate.swift */; };
		559778B02445E8CB00D29543 /* SceneDelegate.swift in Sources */ = {isa = PBXBuildFile; fileRef = 559778AF2445E8CB00D29543 /* SceneDelegate.swift */; };
		559778B22445E8CB00D29543 /* ViewController.swift in Sources */ = {isa = PBXBuildFile; fileRef = 559778B12445E8CB00D29543 /* ViewController.swift */; };
		559778B52445E8CB00D29543 /* Main.storyboard in Resources */ = {isa = PBXBuildFile; fileRef = 559778B32445E8CB00D29543 /* Main.storyboard */; };
		559778B72445E8CC00D29543 /* Assets.xcassets in Resources */ = {isa = PBXBuildFile; fileRef = 559778B62445E8CC00D29543 /* Assets.xcassets */; };
		559778BA2445E8CC00D29543 /* LaunchScreen.storyboard in Resources */ = {isa = PBXBuildFile; fileRef = 559778B82445E8CC00D29543 /* LaunchScreen.storyboard */; };
/* End PBXBuildFile section */

/* Begin PBXFileReference section */
		559778AA2445E8CB00D29543 /* Timeless-BEAUTY.app */ = {isa = PBXFileReference; explicitFileType = wrapper.application; includeInIndex = 0; path = "Timeless-BEAUTY.app"; sourceTree = BUILT_PRODUCTS_DIR; };
		559778AD2445E8CB00D29543 /* AppDelegate.swift */ = {isa = PBXFileReference; lastKnownFileType = sourcecode.swift; path = AppDelegate.swift; sourceTree = "<group>"; };
		559778AF2445E8CB00D29543 /* SceneDelegate.swift */ = {isa = PBXFileReference; lastKnownFileType = sourcecode.swift; path = SceneDelegate.swift; sourceTree = "<group>"; };
		559778B12445E8CB00D29543 /* ViewController.swift */ = {isa = PBXFileReference; lastKnownFileType = sourcecode.swift; path = ViewController.swift; sourceTree = "<group>"; };
		559778B42445E8CB00D29543 /* Base */ = {isa = PBXFileReference; lastKnownFileType = file.storyboard; name = Base; path = Base.lproj/Main.storyboard; sourceTree = "<group>"; };
		559778B62445E8CC00D29543 /* Assets.xcassets */ = {isa = PBXFileReference; lastKnownFileType = folder.assetcatalog; path = Assets.xcassets; sourceTree = "<group>"; };
		559778B92445E8CC00D29543 /* Base */ = {isa = PBXFileReference; lastKnownFileType = file.storyboard; name = Base; path = Base.lproj/LaunchScreen.storyboard; sourceTree = "<group>"; };
		559778BB2445E8CC00D29543 /* Info.plist */ = {isa = PBXFileReference; lastKnownFileType = text.plist.xml; path = Info.plist; sourceTree = "<group>"; };
/* End PBXFileReference section */

/* Begin PBXFrameworksBuildPhase section */
		559778A72445E8CB00D29543 /* Frameworks */ = {
			isa = PBXFrameworksBuildPhase;
			buildActionMask = 2147483647;
			files = (
			);
			runOnlyForDeploymentPostprocessing = 0;
		};
/* End PBXFrameworksBuildPhase section */

/* Begin PBXGroup section */
		559778A12445E8CB00D29543 = {
			isa = PBXGroup;
			children = (
				559778AC2445E8CB00D29543 /* Timeless-BEAUTY */,
				559778AB2445E8CB00D29543 /* Products */,
			);
			sourceTree = "<group>";
		};
		559778AB2445E8CB00D29543 /* Products */ = {
			isa = PBXGroup;
			children = (
				559778AA2445E8CB00D29543 /* Timeless-BEAUTY.app */,
			);
			name = Products;
			sourceTree = "<group>";
		};
		559778AC2445E8CB00D29543 /* Timeless-BEAUTY */ = {
			isa = PBXGroup;
			children = (
				559778AD2445E8CB00D29543 /* AppDelegate.swift */,
				559778AF2445E8CB00D29543 /* SceneDelegate.swift */,
				559778B12445E8CB00D29543 /* ViewController.swift */,
				559778B32445E8CB00D29543 /* Main.storyboard */,
				559778B62445E8CC00D29543 /* Assets.xcassets */,
				559778B82445E8CC00D29543 /* LaunchScreen.storyboard */,
				559778BB2445E8CC00D29543 /* Info.plist */,
			);
			path = "Timeless-BEAUTY";
			sourceTree = "<group>";
		};
/* End PBXGroup section */

/* Begin PBXNativeTarget section */
		559778A92445E8CB00D29543 /* Timeless-BEAUTY */ = {
			isa = PBXNativeTarget;
			buildConfigurationList = 559778BE2445E8CC00D29543 /* Build configuration list for PBXNativeTarget "Timeless-BEAUTY" */;
			buildPhases = (
				559778A62445E8CB00D29543 /* Sources */,
				559778A72445E8CB00D29543 /* Frameworks */,
				559778A82445E8CB00D29543 /* Resources */,
			);
			buildRules = (
			);
			dependencies = (
			);
			name = "Timeless-BEAUTY";
			productName = "Timeless-BEAUTY";
			productReference = 559778AA2445E8CB00D29543 /* Timeless-BEAUTY.app */;
			productType = "com.apple.product-type.application";
		};
/* End PBXNativeTarget section */

/* Begin PBXProject section */
		559778A22445E8CB00D29543 /* Project object */ = {
			isa = PBXProject;
			attributes = {
				LastSwiftUpdateCheck = 1140;
				LastUpgradeCheck = 1140;
				ORGANIZATIONNAME = "Андрей";
				TargetAttributes = {
					559778A92445E8CB00D29543 = {
						CreatedOnToolsVersion = 11.4;
					};
				};
			};
			buildConfigurationList = 559778A52445E8CB00D29543 /* Build configuration list for PBXProject "Timeless-BEAUTY" */;
			compatibilityVersion = "Xcode 9.3";
			developmentRegion = en;
			hasScannedForEncodings = 0;
			knownRegions = (
				en,
				Base,
			);
			mainGroup = 559778A12445E8CB00D29543;
			productRefGroup = 559778AB2445E8CB00D29543 /* Products */;
			projectDirPath = "";
			projectRoot = "";
			targets = (
				559778A92445E8CB00D29543 /* Timeless-BEAUTY */,
			);
		};
/* End PBXProject section */

/* Begin PBXResourcesBuildPhase section */
		559778A82445E8CB00D29543 /* Resources */ = {
			isa = PBXResourcesBuildPhase;
			buildActionMask = 2147483647;
			files = (
				559778BA2445E8CC00D29543 /* LaunchScreen.storyboard in Resources */,
				559778B72445E8CC00D29543 /* Assets.xcassets in Resources */,
				559778B52445E8CB00D29543 /* Main.storyboard in Resources */,
			);
			runOnlyForDeploymentPostprocessing = 0;
		};
/* End PBXResourcesBuildPhase section */

/* Begin PBXSourcesBuildPhase section */
		559778A62445E8CB00D29543 /* Sources */ = {
			isa = PBXSourcesBuildPhase;
			buildActionMask = 2147483647;
			files = (
				559778B22445E8CB00D29543 /* ViewController.swift in Sources */,
				559778AE2445E8CB00D29543 /* AppDelegate.swift in Sources */,
				559778B02445E8CB00D29543 /* SceneDelegate.swift in Sources */,
			);
			runOnlyForDeploymentPostprocessing = 0;
		};
/* End PBXSourcesBuildPhase section */

/* Begin PBXVariantGroup section */
		559778B32445E8CB00D29543 /* Main.storyboard */ = {
			isa = PBXVariantGroup;
			children = (
				559778B42445E8CB00D29543 /* Base */,
			);
			name = Main.storyboard;
			sourceTree = "<group>";
		};
		559778B82445E8CC00D29543 /* LaunchScreen.storyboard */ = {
			isa = PBXVariantGroup;
			children = (
				559778B92445E8CC00D29543 /* Base */,
			);
			name = LaunchScreen.storyboard;
			sourceTree = "<group>";
		};
/* End PBXVariantGroup section */

/* Begin XCBuildConfiguration section */
		559778BC2445E8CC00D29543 /* Debug */ = {
			isa = XCBuildConfiguration;
			buildSettings = {
				ALWAYS_SEARCH_USER_PATHS = NO;
				CLANG_ANALYZER_NONNULL = YES;
				CLANG_ANALYZER_NUMBER_OBJECT_CONVERSION = YES_AGGRESSIVE;
				CLANG_CXX_LANGUAGE_STANDARD = "gnu++14";
				CLANG_CXX_LIBRARY = "libc++";
				CLANG_ENABLE_MODULES = YES;
				CLANG_ENABLE_OBJC_ARC = YES;
				CLANG_ENABLE_OBJC_WEAK = YES;
				CLANG_WARN_BLOCK_CAPTURE_AUTORELEASING = YES;
				CLANG_WARN_BOOL_CONVERSION = YES;
				CLANG_WARN_COMMA = YES;
				CLANG_WARN_CONSTANT_CONVERSION = YES;
				CLANG_WARN_DEPRECATED_OBJC_IMPLEMENTATIONS = YES;
				CLANG_WARN_DIRECT_OBJC_ISA_USAGE = YES_ERROR;
				CLANG_WARN_DOCUMENTATION_COMMENTS = YES;
				CLANG_WARN_EMPTY_BODY = YES;
				CLANG_WARN_ENUM_CONVERSION = YES;
				CLANG_WARN_INFINITE_RECURSION = YES;
				CLANG_WARN_INT_CONVERSION = YES;
				CLANG_WARN_NON_LITERAL_NULL_CONVERSION = YES;
				CLANG_WARN_OBJC_IMPLICIT_RETAIN_SELF = YES;
				CLANG_WARN_OBJC_LITERAL_CONVERSION = YES;
				CLANG_WARN_OBJC_ROOT_CLASS = YES_ERROR;
				CLANG_WARN_RANGE_LOOP_ANALYSIS = YES;
				CLANG_WARN_STRICT_PROTOTYPES = YES;
				CLANG_WARN_SUSPICIOUS_MOVE = YES;
				CLANG_WARN_UNGUARDED_AVAILABILITY = YES_AGGRESSIVE;
				CLANG_WARN_UNREACHABLE_CODE = YES;
				CLANG_WARN__DUPLICATE_METHOD_MATCH = YES;
				COPY_PHASE_STRIP = NO;
				DEBUG_INFORMATION_FORMAT = dwarf;
				ENABLE_STRICT_OBJC_MSGSEND = YES;
				ENABLE_TESTABILITY = YES;
				GCC_C_LANGUAGE_STANDARD = gnu11;
				GCC_DYNAMIC_NO_PIC = NO;
				GCC_NO_COMMON_BLOCKS = YES;
				GCC_OPTIMIZATION_LEVEL = 0;
				GCC_PREPROCESSOR_DEFINITIONS = (
					"DEBUG=1",
					"$(inherited)",
				);
				GCC_WARN_64_TO_32_BIT_CONVERSION = YES;
				GCC_WARN_ABOUT_RETURN_TYPE = YES_ERROR;
				GCC_WARN_UNDECLARED_SELECTOR = YES;
				GCC_WARN_UNINITIALIZED_AUTOS = YES_AGGRESSIVE;
				GCC_WARN_UNUSED_FUNCTION = YES;
				GCC_WARN_UNUSED_VARIABLE = YES;
				IPHONEOS_DEPLOYMENT_TARGET = 13.4;
				MTL_ENABLE_DEBUG_INFO = INCLUDE_SOURCE;
				MTL_FAST_MATH = YES;
				ONLY_ACTIVE_ARCH = YES;
				SDKROOT = iphoneos;
				SWIFT_ACTIVE_COMPILATION_CONDITIONS = DEBUG;
				SWIFT_OPTIMIZATION_LEVEL = "-Onone";
			};
			name = Debug;
		};
		559778BD2445E8CC00D29543 /* Release */ = {
			isa = XCBuildConfiguration;
			buildSettings = {
				ALWAYS_SEARCH_USER_PATHS = NO;
				CLANG_ANALYZER_NONNULL = YES;
				CLANG_ANALYZER_NUMBER_OBJECT_CONVERSION = YES_AGGRESSIVE;
				CLANG_CXX_LANGUAGE_STANDARD = "gnu++14";
				CLANG_CXX_LIBRARY = "libc++";
				CLANG_ENABLE_MODULES = YES;
				CLANG_ENABLE_OBJC_ARC = YES;
				CLANG_ENABLE_OBJC_WEAK = YES;
				CLANG_WARN_BLOCK_CAPTURE_AUTORELEASING = YES;
				CLANG_WARN_BOOL_CONVERSION = YES;
				CLANG_WARN_COMMA = YES;
				CLANG_WARN_CONSTANT_CONVERSION = YES;
				CLANG_WARN_DEPRECATED_OBJC_IMPLEMENTATIONS = YES;
				CLANG_WARN_DIRECT_OBJC_ISA_USAGE = YES_ERROR;
				CLANG_WARN_DOCUMENTATION_COMMENTS = YES;
				CLANG_WARN_EMPTY_BODY = YES;
				CLANG_WARN_ENUM_CONVERSION = YES;
				CLANG_WARN_INFINITE_RECURSION = YES;
				CLANG_WARN_INT_CONVERSION = YES;
				CLANG_WARN_NON_LITERAL_NULL_CONVERSION = YES;
				CLANG_WARN_OBJC_IMPLICIT_RETAIN_SELF = YES;
				CLANG_WARN_OBJC_LITERAL_CONVERSION = YES;
				CLANG_WARN_OBJC_ROOT_CLASS = YES_ERROR;
				CLANG_WARN_RANGE_LOOP_ANALYSIS = YES;
				CLANG_WARN_STRICT_PROTOTYPES = YES;
				CLANG_WARN_SUSPICIOUS_MOVE = YES;
				CLANG_WARN_UNGUARDED_AVAILABILITY = YES_AGGRESSIVE;
				CLANG_WARN_UNREACHABLE_CODE = YES;
				CLANG_WARN__DUPLICATE_METHOD_MATCH = YES;
				COPY_PHASE_STRIP = NO;
				DEBUG_INFORMATION_FORMAT = "dwarf-with-dsym";
				ENABLE_NS_ASSERTIONS = NO;
				ENABLE_STRICT_OBJC_MSGSEND = YES;
				GCC_C_LANGUAGE_STANDARD = gnu11;
				GCC_NO_COMMON_BLOCKS = YES;
				GCC_WARN_64_TO_32_BIT_CONVERSION = YES;
				GCC_WARN_ABOUT_RETURN_TYPE = YES_ERROR;
				GCC_WARN_UNDECLARED_SELECTOR = YES;
				GCC_WARN_UNINITIALIZED_AUTOS = YES_AGGRESSIVE;
				GCC_WARN_UNUSED_FUNCTION = YES;
				GCC_WARN_UNUSED_VARIABLE = YES;
				IPHONEOS_DEPLOYMENT_TARGET = 13.4;
				MTL_ENABLE_DEBUG_INFO = NO;
				MTL_FAST_MATH = YES;
				SDKROOT = iphoneos;
				SWIFT_COMPILATION_MODE = wholemodule;
				SWIFT_OPTIMIZATION_LEVEL = "-O";
				VALIDATE_PRODUCT = YES;
			};
			name = Release;
		};
		559778BF2445E8CC00D29543 /* Debug */ = {
			isa = XCBuildConfiguration;
			buildSettings = {
				ASSETCATALOG_COMPILER_APPICON_NAME = AppIcon;
				CODE_SIGN_STYLE = Automatic;
				DEVELOPMENT_TEAM = 9PQ52FUKF2;
				INFOPLIST_FILE = "Timeless-BEAUTY/Info.plist";
				LD_RUNPATH_SEARCH_PATHS = (
					"$(inherited)",
					"@executable_path/Frameworks",
				);
				PRODUCT_BUNDLE_IDENTIFIER = "com.andery.Timeless-BEAUTY";
				PRODUCT_NAME = "$(TARGET_NAME)";
				SWIFT_VERSION = 5.0;
				TARGETED_DEVICE_FAMILY = "1,2";
			};
			name = Debug;
		};
		559778C02445E8CC00D29543 /* Release */ = {
			isa = XCBuildConfiguration;
			buildSettings = {
				ASSETCATALOG_COMPILER_APPICON_NAME = AppIcon;
				CODE_SIGN_STYLE = Automatic;
				DEVELOPMENT_TEAM = 9PQ52FUKF2;
				INFOPLIST_FILE = "Timeless-BEAUTY/Info.plist";
				LD_RUNPATH_SEARCH_PATHS = (
					"$(inherited)",
					"@executable_path/Frameworks",
				);
				PRODUCT_BUNDLE_IDENTIFIER = "com.andery.Timeless-BEAUTY";
				PRODUCT_NAME = "$(TARGET_NAME)";
				SWIFT_VERSION = 5.0;
				TARGETED_DEVICE_FAMILY = "1,2";
			};
			name = Release;
		};
/* End XCBuildConfiguration section */

/* Begin XCConfigurationList section */
		559778A52445E8CB00D29543 /* Build configuration list for PBXProject "Timeless-BEAUTY" */ = {
			isa = XCConfigurationList;
			buildConfigurations = (
				559778BC2445E8CC00D29543 /* Debug */,
				559778BD2445E8CC00D29543 /* Release */,
			);
			defaultConfigurationIsVisible = 0;
			defaultConfigurationName = Release;
		};
		559778BE2445E8CC00D29543 /* Build configuration list for PBXNativeTarget "Timeless-BEAUTY" */ = {
			isa = XCConfigurationList;
			buildConfigurations = (
				559778BF2445E8CC00D29543 /* Debug */,
				559778C02445E8CC00D29543 /* Release */,
			);
			defaultConfigurationIsVisible = 0;
			defaultConfigurationName = Release;
		};
/* End XCConfigurationList section */
	};
	rootObject = 559778A22445E8CB00D29543 /* Project object */;
}
